// !$*UTF8*$!
{
	archiveVersion = 1;
	classes = {
	};
	objectVersion = 46;
	objects = {

/* Begin PBXBuildFile section */
		E64D23991A19FD0A00D6A876 /* QCARViewController.m in Sources */ = {isa = PBXBuildFile; fileRef = E64D23961A19FD0A00D6A876 /* QCARViewController.m */; };
		E64D239A1A19FD0A00D6A876 /* QCARWebViewController.mm in Sources */ = {isa = PBXBuildFile; fileRef = E64D23981A19FD0A00D6A876 /* QCARWebViewController.mm */; };
		E64D239D1A19FD9700D6A876 /* QCAR+CALayer+UIWebView-Info.plist in Resources */ = {isa = PBXBuildFile; fileRef = E64D239B1A19FD9700D6A876 /* QCAR+CALayer+UIWebView-Info.plist */; };
		E665736819D7F18200A27D30 /* Foundation.framework in Frameworks */ = {isa = PBXBuildFile; fileRef = E665736719D7F18200A27D30 /* Foundation.framework */; };
		E665736A19D7F18200A27D30 /* CoreGraphics.framework in Frameworks */ = {isa = PBXBuildFile; fileRef = E665736919D7F18200A27D30 /* CoreGraphics.framework */; };
		E665736C19D7F18200A27D30 /* UIKit.framework in Frameworks */ = {isa = PBXBuildFile; fileRef = E665736B19D7F18200A27D30 /* UIKit.framework */; };
		E665737219D7F18200A27D30 /* InfoPlist.strings in Resources */ = {isa = PBXBuildFile; fileRef = E665737019D7F18200A27D30 /* InfoPlist.strings */; };
		E665737419D7F18200A27D30 /* main.m in Sources */ = {isa = PBXBuildFile; fileRef = E665737319D7F18200A27D30 /* main.m */; };
		E665737819D7F18200A27D30 /* AppDelegate.m in Sources */ = {isa = PBXBuildFile; fileRef = E665737719D7F18200A27D30 /* AppDelegate.m */; };
		E665737E19D7F18200A27D30 /* ViewController.mm in Sources */ = {isa = PBXBuildFile; fileRef = E665737D19D7F18200A27D30 /* ViewController.mm */; };
		E665738019D7F18200A27D30 /* Images.xcassets in Resources */ = {isa = PBXBuildFile; fileRef = E665737F19D7F18200A27D30 /* Images.xcassets */; };
		E665738719D7F18200A27D30 /* XCTest.framework in Frameworks */ = {isa = PBXBuildFile; fileRef = E665738619D7F18200A27D30 /* XCTest.framework */; };
		E665738819D7F18200A27D30 /* Foundation.framework in Frameworks */ = {isa = PBXBuildFile; fileRef = E665736719D7F18200A27D30 /* Foundation.framework */; };
		E665738919D7F18200A27D30 /* UIKit.framework in Frameworks */ = {isa = PBXBuildFile; fileRef = E665736B19D7F18200A27D30 /* UIKit.framework */; };
		E665739119D7F18200A27D30 /* InfoPlist.strings in Resources */ = {isa = PBXBuildFile; fileRef = E665738F19D7F18200A27D30 /* InfoPlist.strings */; };
		E665739319D7F18200A27D30 /* QCAR_CALayerTests.m in Sources */ = {isa = PBXBuildFile; fileRef = E665739219D7F18200A27D30 /* QCAR_CALayerTests.m */; };
		E66573A919D7F1B400A27D30 /* AR_EAGLView.mm in Sources */ = {isa = PBXBuildFile; fileRef = E665739E19D7F1B400A27D30 /* AR_EAGLView.mm */; settings = {COMPILER_FLAGS = "-fno-objc-arc"; }; };
		E66573AA19D7F1B400A27D30 /* license.txt in Resources */ = {isa = PBXBuildFile; fileRef = E665739F19D7F1B400A27D30 /* license.txt */; };
		E66573AB19D7F1B400A27D30 /* QCARutils.mm in Sources */ = {isa = PBXBuildFile; fileRef = E66573A119D7F1B400A27D30 /* QCARutils.mm */; settings = {COMPILER_FLAGS = "-fno-objc-arc"; }; };
		E66573B719D7F3D600A27D30 /* Shader.fsh in Resources */ = {isa = PBXBuildFile; fileRef = E66573B119D7F3D600A27D30 /* Shader.fsh */; };
		E66573B819D7F3D600A27D30 /* Shader.vsh in Resources */ = {isa = PBXBuildFile; fileRef = E66573B219D7F3D600A27D30 /* Shader.vsh */; };
		E66573B919D7F3D600A27D30 /* ShaderUtils.cpp in Sources */ = {isa = PBXBuildFile; fileRef = E66573B319D7F3D600A27D30 /* ShaderUtils.cpp */; settings = {COMPILER_FLAGS = "-fno-objc-arc"; }; };
		E66573BA19D7F3D600A27D30 /* Texture.mm in Sources */ = {isa = PBXBuildFile; fileRef = E66573B619D7F3D600A27D30 /* Texture.mm */; settings = {COMPILER_FLAGS = "-fno-objc-arc"; }; };
		E66573BC19D7F41400A27D30 /* libQCAR.a in Frameworks */ = {isa = PBXBuildFile; fileRef = E66573BB19D7F41400A27D30 /* libQCAR.a */; };
		E66573BE19D7F44700A27D30 /* AVFoundation.framework in Frameworks */ = {isa = PBXBuildFile; fileRef = E66573BD19D7F44700A27D30 /* AVFoundation.framework */; };
		E66573C319D7F47000A27D30 /* CoreMotion.framework in Frameworks */ = {isa = PBXBuildFile; fileRef = E66573BF19D7F45100A27D30 /* CoreMotion.framework */; };
		E66573CC19D7F55400A27D30 /* SystemConfiguration.framework in Frameworks */ = {isa = PBXBuildFile; fileRef = E66573CB19D7F55400A27D30 /* SystemConfiguration.framework */; };
		E66573CE19D7F58F00A27D30 /* CoreMedia.framework in Frameworks */ = {isa = PBXBuildFile; fileRef = E66573CD19D7F58F00A27D30 /* CoreMedia.framework */; };
		E66573D519D7F81700A27D30 /* EAGLView.mm in Sources */ = {isa = PBXBuildFile; fileRef = E66573D419D7F81700A27D30 /* EAGLView.mm */; };
		E66573DE19D7FC3100A27D30 /* StonesAndChips.dat in Resources */ = {isa = PBXBuildFile; fileRef = E66573DC19D7FC3100A27D30 /* StonesAndChips.dat */; };
		E66573DF19D7FC3100A27D30 /* StonesAndChips.xml in Resources */ = {isa = PBXBuildFile; fileRef = E66573DD19D7FC3100A27D30 /* StonesAndChips.xml */; };
		E66573E019D7FC7600A27D30 /* Main.storyboard in Resources */ = {isa = PBXBuildFile; fileRef = E665737919D7F18200A27D30 /* Main.storyboard */; };
		E66573E319D802BB00A27D30 /* QCARCALayerViewController.m in Sources */ = {isa = PBXBuildFile; fileRef = E66573E219D802BB00A27D30 /* QCARCALayerViewController.m */; };
		E66573E619D802E700A27D30 /* CALayer+QCAR.m in Sources */ = {isa = PBXBuildFile; fileRef = E66573E519D802E700A27D30 /* CALayer+QCAR.m */; };
/* End PBXBuildFile section */

/* Begin PBXContainerItemProxy section */
		E665738A19D7F18200A27D30 /* PBXContainerItemProxy */ = {
			isa = PBXContainerItemProxy;
			containerPortal = E665735C19D7F18200A27D30 /* Project object */;
			proxyType = 1;
			remoteGlobalIDString = E665736319D7F18200A27D30;
			remoteInfo = "QCAR+CALayer";
		};
/* End PBXContainerItemProxy section */

/* Begin PBXFileReference section */
		E64D23951A19FD0A00D6A876 /* QCARViewController.h */ = {isa = PBXFileReference; fileEncoding = 4; lastKnownFileType = sourcecode.c.h; path = QCARViewController.h; sourceTree = "<group>"; };
		E64D23961A19FD0A00D6A876 /* QCARViewController.m */ = {isa = PBXFileReference; fileEncoding = 4; lastKnownFileType = sourcecode.c.objc; path = QCARViewController.m; sourceTree = "<group>"; };
		E64D23971A19FD0A00D6A876 /* QCARWebViewController.h */ = {isa = PBXFileReference; fileEncoding = 4; lastKnownFileType = sourcecode.c.h; path = QCARWebViewController.h; sourceTree = "<group>"; };
		E64D23981A19FD0A00D6A876 /* QCARWebViewController.mm */ = {isa = PBXFileReference; fileEncoding = 4; lastKnownFileType = sourcecode.cpp.objcpp; path = QCARWebViewController.mm; sourceTree = "<group>"; };
		E64D239B1A19FD9700D6A876 /* QCAR+CALayer+UIWebView-Info.plist */ = {isa = PBXFileReference; fileEncoding = 4; lastKnownFileType = text.plist.xml; path = "QCAR+CALayer+UIWebView-Info.plist"; sourceTree = "<group>"; };
		E64D239C1A19FD9700D6A876 /* QCAR+CALayer+UIWebView-Prefix.pch */ = {isa = PBXFileReference; fileEncoding = 4; lastKnownFileType = sourcecode.c.h; path = "QCAR+CALayer+UIWebView-Prefix.pch"; sourceTree = "<group>"; };
		E665736419D7F18200A27D30 /* QCAR+CALayer.app */ = {isa = PBXFileReference; explicitFileType = wrapper.application; includeInIndex = 0; path = "QCAR+CALayer.app"; sourceTree = BUILT_PRODUCTS_DIR; };
		E665736719D7F18200A27D30 /* Foundation.framework */ = {isa = PBXFileReference; lastKnownFileType = wrapper.framework; name = Foundation.framework; path = System/Library/Frameworks/Foundation.framework; sourceTree = SDKROOT; };
		E665736919D7F18200A27D30 /* CoreGraphics.framework */ = {isa = PBXFileReference; lastKnownFileType = wrapper.framework; name = CoreGraphics.framework; path = System/Library/Frameworks/CoreGraphics.framework; sourceTree = SDKROOT; };
		E665736B19D7F18200A27D30 /* UIKit.framework */ = {isa = PBXFileReference; lastKnownFileType = wrapper.framework; name = UIKit.framework; path = System/Library/Frameworks/UIKit.framework; sourceTree = SDKROOT; };
		E665737119D7F18200A27D30 /* en */ = {isa = PBXFileReference; lastKnownFileType = text.plist.strings; name = en; path = en.lproj/InfoPlist.strings; sourceTree = "<group>"; };
		E665737319D7F18200A27D30 /* main.m */ = {isa = PBXFileReference; lastKnownFileType = sourcecode.c.objc; path = main.m; sourceTree = "<group>"; };
		E665737619D7F18200A27D30 /* AppDelegate.h */ = {isa = PBXFileReference; lastKnownFileType = sourcecode.c.h; path = AppDelegate.h; sourceTree = "<group>"; };
		E665737719D7F18200A27D30 /* AppDelegate.m */ = {isa = PBXFileReference; lastKnownFileType = sourcecode.c.objc; path = AppDelegate.m; sourceTree = "<group>"; };
		E665737A19D7F18200A27D30 /* Base */ = {isa = PBXFileReference; lastKnownFileType = file.storyboard; name = Base; path = Base.lproj/Main.storyboard; sourceTree = "<group>"; };
		E665737C19D7F18200A27D30 /* ViewController.h */ = {isa = PBXFileReference; lastKnownFileType = sourcecode.c.h; path = ViewController.h; sourceTree = "<group>"; };
		E665737D19D7F18200A27D30 /* ViewController.mm */ = {isa = PBXFileReference; lastKnownFileType = sourcecode.cpp.objcpp; path = ViewController.mm; sourceTree = "<group>"; };
		E665737F19D7F18200A27D30 /* Images.xcassets */ = {isa = PBXFileReference; lastKnownFileType = folder.assetcatalog; path = Images.xcassets; sourceTree = "<group>"; };
		E665738519D7F18200A27D30 /* QCAR+CALayerTests.xctest */ = {isa = PBXFileReference; explicitFileType = wrapper.cfbundle; includeInIndex = 0; path = "QCAR+CALayerTests.xctest"; sourceTree = BUILT_PRODUCTS_DIR; };
		E665738619D7F18200A27D30 /* XCTest.framework */ = {isa = PBXFileReference; lastKnownFileType = wrapper.framework; name = XCTest.framework; path = Library/Frameworks/XCTest.framework; sourceTree = DEVELOPER_DIR; };
		E665738E19D7F18200A27D30 /* QCAR+CALayerTests-Info.plist */ = {isa = PBXFileReference; lastKnownFileType = text.plist.xml; path = "QCAR+CALayerTests-Info.plist"; sourceTree = "<group>"; };
		E665739019D7F18200A27D30 /* en */ = {isa = PBXFileReference; lastKnownFileType = text.plist.strings; name = en; path = en.lproj/InfoPlist.strings; sourceTree = "<group>"; };
		E665739219D7F18200A27D30 /* QCAR_CALayerTests.m */ = {isa = PBXFileReference; lastKnownFileType = sourcecode.c.objc; path = QCAR_CALayerTests.m; sourceTree = "<group>"; };
		E665739D19D7F1B400A27D30 /* AR_EAGLView.h */ = {isa = PBXFileReference; fileEncoding = 4; lastKnownFileType = sourcecode.c.h; path = AR_EAGLView.h; sourceTree = "<group>"; };
		E665739E19D7F1B400A27D30 /* AR_EAGLView.mm */ = {isa = PBXFileReference; fileEncoding = 4; lastKnownFileType = sourcecode.cpp.objcpp; path = AR_EAGLView.mm; sourceTree = "<group>"; };
		E665739F19D7F1B400A27D30 /* license.txt */ = {isa = PBXFileReference; fileEncoding = 4; lastKnownFileType = text; path = license.txt; sourceTree = "<group>"; };
		E66573A019D7F1B400A27D30 /* QCARutils.h */ = {isa = PBXFileReference; fileEncoding = 4; lastKnownFileType = sourcecode.c.h; path = QCARutils.h; sourceTree = "<group>"; };
		E66573A119D7F1B400A27D30 /* QCARutils.mm */ = {isa = PBXFileReference; fileEncoding = 4; lastKnownFileType = sourcecode.cpp.objcpp; path = QCARutils.mm; sourceTree = "<group>"; };
		E66573B119D7F3D600A27D30 /* Shader.fsh */ = {isa = PBXFileReference; fileEncoding = 4; lastKnownFileType = sourcecode.glsl; path = Shader.fsh; sourceTree = "<group>"; };
		E66573B219D7F3D600A27D30 /* Shader.vsh */ = {isa = PBXFileReference; fileEncoding = 4; lastKnownFileType = sourcecode.glsl; path = Shader.vsh; sourceTree = "<group>"; };
		E66573B319D7F3D600A27D30 /* ShaderUtils.cpp */ = {isa = PBXFileReference; fileEncoding = 4; lastKnownFileType = sourcecode.cpp.cpp; path = ShaderUtils.cpp; sourceTree = "<group>"; };
		E66573B419D7F3D600A27D30 /* ShaderUtils.h */ = {isa = PBXFileReference; fileEncoding = 4; lastKnownFileType = sourcecode.c.h; path = ShaderUtils.h; sourceTree = "<group>"; };
		E66573B519D7F3D600A27D30 /* Texture.h */ = {isa = PBXFileReference; fileEncoding = 4; lastKnownFileType = sourcecode.c.h; path = Texture.h; sourceTree = "<group>"; };
		E66573B619D7F3D600A27D30 /* Texture.mm */ = {isa = PBXFileReference; fileEncoding = 4; lastKnownFileType = sourcecode.cpp.objcpp; path = Texture.mm; sourceTree = "<group>"; };
		E66573BB19D7F41400A27D30 /* libQCAR.a */ = {isa = PBXFileReference; lastKnownFileType = archive.ar; name = libQCAR.a; path = "vuforia-sdk-ios-2-6-8/build/lib/arm/libQCAR.a"; sourceTree = "<group>"; };
		E66573BD19D7F44700A27D30 /* AVFoundation.framework */ = {isa = PBXFileReference; lastKnownFileType = wrapper.framework; name = AVFoundation.framework; path = System/Library/Frameworks/AVFoundation.framework; sourceTree = SDKROOT; };
		E66573BF19D7F45100A27D30 /* CoreMotion.framework */ = {isa = PBXFileReference; lastKnownFileType = wrapper.framework; name = CoreMotion.framework; path = System/Library/Frameworks/CoreMotion.framework; sourceTree = SDKROOT; };
		E66573C119D7F45F00A27D30 /* CFNetwork.framework */ = {isa = PBXFileReference; lastKnownFileType = wrapper.framework; name = CFNetwork.framework; path = System/Library/Frameworks/CFNetwork.framework; sourceTree = SDKROOT; };
		E66573C419D7F47900A27D30 /* QuartzCore.framework */ = {isa = PBXFileReference; lastKnownFileType = wrapper.framework; name = QuartzCore.framework; path = System/Library/Frameworks/QuartzCore.framework; sourceTree = SDKROOT; };
		E66573C619D7F49500A27D30 /* MobileCoreServices.framework */ = {isa = PBXFileReference; lastKnownFileType = wrapper.framework; name = MobileCoreServices.framework; path = System/Library/Frameworks/MobileCoreServices.framework; sourceTree = SDKROOT; };
		E66573C919D7F4F900A27D30 /* CoreImage.framework */ = {isa = PBXFileReference; lastKnownFileType = wrapper.framework; name = CoreImage.framework; path = System/Library/Frameworks/CoreImage.framework; sourceTree = SDKROOT; };
		E66573CB19D7F55400A27D30 /* SystemConfiguration.framework */ = {isa = PBXFileReference; lastKnownFileType = wrapper.framework; name = SystemConfiguration.framework; path = System/Library/Frameworks/SystemConfiguration.framework; sourceTree = SDKROOT; };
		E66573CD19D7F58F00A27D30 /* CoreMedia.framework */ = {isa = PBXFileReference; lastKnownFileType = wrapper.framework; name = CoreMedia.framework; path = System/Library/Frameworks/CoreMedia.framework; sourceTree = SDKROOT; };
		E66573D319D7F81700A27D30 /* EAGLView.h */ = {isa = PBXFileReference; fileEncoding = 4; lastKnownFileType = sourcecode.c.h; path = EAGLView.h; sourceTree = "<group>"; };
		E66573D419D7F81700A27D30 /* EAGLView.mm */ = {isa = PBXFileReference; fileEncoding = 4; lastKnownFileType = sourcecode.cpp.objcpp; path = EAGLView.mm; sourceTree = "<group>"; };
		E66573DC19D7FC3100A27D30 /* StonesAndChips.dat */ = {isa = PBXFileReference; lastKnownFileType = file; path = StonesAndChips.dat; sourceTree = "<group>"; };
		E66573DD19D7FC3100A27D30 /* StonesAndChips.xml */ = {isa = PBXFileReference; fileEncoding = 4; lastKnownFileType = text.xml; path = StonesAndChips.xml; sourceTree = "<group>"; };
		E66573E119D802BB00A27D30 /* QCARCALayerViewController.h */ = {isa = PBXFileReference; fileEncoding = 4; lastKnownFileType = sourcecode.c.h; path = QCARCALayerViewController.h; sourceTree = "<group>"; };
		E66573E219D802BB00A27D30 /* QCARCALayerViewController.m */ = {isa = PBXFileReference; fileEncoding = 4; lastKnownFileType = sourcecode.c.objc; path = QCARCALayerViewController.m; sourceTree = "<group>"; };
		E66573E419D802E700A27D30 /* CALayer+QCAR.h */ = {isa = PBXFileReference; fileEncoding = 4; lastKnownFileType = sourcecode.c.h; path = "CALayer+QCAR.h"; sourceTree = "<group>"; };
		E66573E519D802E700A27D30 /* CALayer+QCAR.m */ = {isa = PBXFileReference; fileEncoding = 4; lastKnownFileType = sourcecode.c.objc; path = "CALayer+QCAR.m"; sourceTree = "<group>"; };
/* End PBXFileReference section */

/* Begin PBXFrameworksBuildPhase section */
		E665736119D7F18200A27D30 /* Frameworks */ = {
			isa = PBXFrameworksBuildPhase;
			buildActionMask = 2147483647;
			files = (
				E66573CE19D7F58F00A27D30 /* CoreMedia.framework in Frameworks */,
				E66573CC19D7F55400A27D30 /* SystemConfiguration.framework in Frameworks */,
				E66573C319D7F47000A27D30 /* CoreMotion.framework in Frameworks */,
				E66573BE19D7F44700A27D30 /* AVFoundation.framework in Frameworks */,
				E66573BC19D7F41400A27D30 /* libQCAR.a in Frameworks */,
				E665736A19D7F18200A27D30 /* CoreGraphics.framework in Frameworks */,
				E665736C19D7F18200A27D30 /* UIKit.framework in Frameworks */,
				E665736819D7F18200A27D30 /* Foundation.framework in Frameworks */,
			);
			runOnlyForDeploymentPostprocessing = 0;
		};
		E665738219D7F18200A27D30 /* Frameworks */ = {
			isa = PBXFrameworksBuildPhase;
			buildActionMask = 2147483647;
			files = (
				E665738719D7F18200A27D30 /* XCTest.framework in Frameworks */,
				E665738919D7F18200A27D30 /* UIKit.framework in Frameworks */,
				E665738819D7F18200A27D30 /* Foundation.framework in Frameworks */,
			);
			runOnlyForDeploymentPostprocessing = 0;
		};
/* End PBXFrameworksBuildPhase section */

/* Begin PBXGroup section */
		E665735B19D7F18200A27D30 = {
			isa = PBXGroup;
			children = (
				E66573DB19D7FC3100A27D30 /* Assets */,
				E66573CF19D7F7BD00A27D30 /* src */,
				E665739C19D7F1B400A27D30 /* ARCommon */,
				E665736D19D7F18200A27D30 /* QCAR+CALayer */,
				E665738C19D7F18200A27D30 /* QCAR+CALayerTests */,
				E665736619D7F18200A27D30 /* Frameworks */,
				E665736519D7F18200A27D30 /* Products */,
			);
			sourceTree = "<group>";
		};
		E665736519D7F18200A27D30 /* Products */ = {
			isa = PBXGroup;
			children = (
				E665736419D7F18200A27D30 /* QCAR+CALayer.app */,
				E665738519D7F18200A27D30 /* QCAR+CALayerTests.xctest */,
			);
			name = Products;
			sourceTree = "<group>";
		};
		E665736619D7F18200A27D30 /* Frameworks */ = {
			isa = PBXGroup;
			children = (
				E66573CD19D7F58F00A27D30 /* CoreMedia.framework */,
				E66573CB19D7F55400A27D30 /* SystemConfiguration.framework */,
				E66573C919D7F4F900A27D30 /* CoreImage.framework */,
				E66573C619D7F49500A27D30 /* MobileCoreServices.framework */,
				E66573C419D7F47900A27D30 /* QuartzCore.framework */,
				E66573C119D7F45F00A27D30 /* CFNetwork.framework */,
				E66573BF19D7F45100A27D30 /* CoreMotion.framework */,
				E66573BD19D7F44700A27D30 /* AVFoundation.framework */,
				E66573BB19D7F41400A27D30 /* libQCAR.a */,
				E665736719D7F18200A27D30 /* Foundation.framework */,
				E665736919D7F18200A27D30 /* CoreGraphics.framework */,
				E665736B19D7F18200A27D30 /* UIKit.framework */,
				E665738619D7F18200A27D30 /* XCTest.framework */,
			);
			name = Frameworks;
			sourceTree = "<group>";
		};
		E665736D19D7F18200A27D30 /* QCAR+CALayer */ = {
			isa = PBXGroup;
			children = (
				E665737619D7F18200A27D30 /* AppDelegate.h */,
				E665737719D7F18200A27D30 /* AppDelegate.m */,
				E665737919D7F18200A27D30 /* Main.storyboard */,
				E665737C19D7F18200A27D30 /* ViewController.h */,
				E665737D19D7F18200A27D30 /* ViewController.mm */,
				E665737F19D7F18200A27D30 /* Images.xcassets */,
				E665736E19D7F18200A27D30 /* Supporting Files */,
			);
			path = "QCAR+CALayer";
			sourceTree = "<group>";
		};
		E665736E19D7F18200A27D30 /* Supporting Files */ = {
			isa = PBXGroup;
			children = (
				E64D239B1A19FD9700D6A876 /* QCAR+CALayer+UIWebView-Info.plist */,
				E64D239C1A19FD9700D6A876 /* QCAR+CALayer+UIWebView-Prefix.pch */,
				E665737019D7F18200A27D30 /* InfoPlist.strings */,
				E665737319D7F18200A27D30 /* main.m */,
			);
			name = "Supporting Files";
			sourceTree = "<group>";
		};
		E665738C19D7F18200A27D30 /* QCAR+CALayerTests */ = {
			isa = PBXGroup;
			children = (
				E665739219D7F18200A27D30 /* QCAR_CALayerTests.m */,
				E665738D19D7F18200A27D30 /* Supporting Files */,
			);
			path = "QCAR+CALayerTests";
			sourceTree = "<group>";
		};
		E665738D19D7F18200A27D30 /* Supporting Files */ = {
			isa = PBXGroup;
			children = (
				E665738E19D7F18200A27D30 /* QCAR+CALayerTests-Info.plist */,
				E665738F19D7F18200A27D30 /* InfoPlist.strings */,
			);
			name = "Supporting Files";
			sourceTree = "<group>";
		};
		E665739C19D7F1B400A27D30 /* ARCommon */ = {
			isa = PBXGroup;
			children = (
				E66573B019D7F3D600A27D30 /* Shaders */,
				E66573B319D7F3D600A27D30 /* ShaderUtils.cpp */,
				E66573B419D7F3D600A27D30 /* ShaderUtils.h */,
				E66573B519D7F3D600A27D30 /* Texture.h */,
				E66573B619D7F3D600A27D30 /* Texture.mm */,
				E665739D19D7F1B400A27D30 /* AR_EAGLView.h */,
				E665739E19D7F1B400A27D30 /* AR_EAGLView.mm */,
				E665739F19D7F1B400A27D30 /* license.txt */,
				E66573A019D7F1B400A27D30 /* QCARutils.h */,
				E66573A119D7F1B400A27D30 /* QCARutils.mm */,
			);
			path = ARCommon;
			sourceTree = "<group>";
		};
		E66573B019D7F3D600A27D30 /* Shaders */ = {
			isa = PBXGroup;
			children = (
				E66573B119D7F3D600A27D30 /* Shader.fsh */,
				E66573B219D7F3D600A27D30 /* Shader.vsh */,
			);
			path = Shaders;
			sourceTree = "<group>";
		};
		E66573CF19D7F7BD00A27D30 /* src */ = {
			isa = PBXGroup;
			children = (
				E64D23951A19FD0A00D6A876 /* QCARViewController.h */,
				E64D23961A19FD0A00D6A876 /* QCARViewController.m */,
				E64D23971A19FD0A00D6A876 /* QCARWebViewController.h */,
				E64D23981A19FD0A00D6A876 /* QCARWebViewController.mm */,
				E66573D319D7F81700A27D30 /* EAGLView.h */,
				E66573D419D7F81700A27D30 /* EAGLView.mm */,
				E66573E119D802BB00A27D30 /* QCARCALayerViewController.h */,
				E66573E219D802BB00A27D30 /* QCARCALayerViewController.m */,
				E66573E419D802E700A27D30 /* CALayer+QCAR.h */,
				E66573E519D802E700A27D30 /* CALayer+QCAR.m */,
			);
			path = src;
			sourceTree = "<group>";
		};
		E66573DB19D7FC3100A27D30 /* Assets */ = {
			isa = PBXGroup;
			children = (
				E66573DC19D7FC3100A27D30 /* StonesAndChips.dat */,
				E66573DD19D7FC3100A27D30 /* StonesAndChips.xml */,
			);
			path = Assets;
			sourceTree = "<group>";
		};
/* End PBXGroup section */

/* Begin PBXNativeTarget section */
		E665736319D7F18200A27D30 /* QCAR+CALayer */ = {
			isa = PBXNativeTarget;
			buildConfigurationList = E665739619D7F18200A27D30 /* Build configuration list for PBXNativeTarget "QCAR+CALayer" */;
			buildPhases = (
				E665736019D7F18200A27D30 /* Sources */,
				E665736119D7F18200A27D30 /* Frameworks */,
				E665736219D7F18200A27D30 /* Resources */,
			);
			buildRules = (
			);
			dependencies = (
			);
			name = "QCAR+CALayer";
			productName = "QCAR+CALayer";
			productReference = E665736419D7F18200A27D30 /* QCAR+CALayer.app */;
			productType = "com.apple.product-type.application";
		};
		E665738419D7F18200A27D30 /* QCAR+CALayerTests */ = {
			isa = PBXNativeTarget;
			buildConfigurationList = E665739919D7F18200A27D30 /* Build configuration list for PBXNativeTarget "QCAR+CALayerTests" */;
			buildPhases = (
				E665738119D7F18200A27D30 /* Sources */,
				E665738219D7F18200A27D30 /* Frameworks */,
				E665738319D7F18200A27D30 /* Resources */,
			);
			buildRules = (
			);
			dependencies = (
				E665738B19D7F18200A27D30 /* PBXTargetDependency */,
			);
			name = "QCAR+CALayerTests";
			productName = "QCAR+CALayerTests";
			productReference = E665738519D7F18200A27D30 /* QCAR+CALayerTests.xctest */;
			productType = "com.apple.product-type.bundle.unit-test";
		};
/* End PBXNativeTarget section */

/* Begin PBXProject section */
		E665735C19D7F18200A27D30 /* Project object */ = {
			isa = PBXProject;
			attributes = {
				LastUpgradeCheck = 0510;
				ORGANIZATIONNAME = HiScene;
				TargetAttributes = {
					E665736319D7F18200A27D30 = {
						DevelopmentTeam = 9Q2JNSZV5H;
					};
					E665738419D7F18200A27D30 = {
						TestTargetID = E665736319D7F18200A27D30;
					};
				};
			};
			buildConfigurationList = E665735F19D7F18200A27D30 /* Build configuration list for PBXProject "QCAR+CALayer" */;
			compatibilityVersion = "Xcode 3.2";
			developmentRegion = English;
			hasScannedForEncodings = 0;
			knownRegions = (
				en,
				Base,
			);
			mainGroup = E665735B19D7F18200A27D30;
			productRefGroup = E665736519D7F18200A27D30 /* Products */;
			projectDirPath = "";
			projectRoot = "";
			targets = (
				E665736319D7F18200A27D30 /* QCAR+CALayer */,
				E665738419D7F18200A27D30 /* QCAR+CALayerTests */,
			);
		};
/* End PBXProject section */

/* Begin PBXResourcesBuildPhase section */
		E665736219D7F18200A27D30 /* Resources */ = {
			isa = PBXResourcesBuildPhase;
			buildActionMask = 2147483647;
			files = (
				E66573E019D7FC7600A27D30 /* Main.storyboard in Resources */,
				E66573AA19D7F1B400A27D30 /* license.txt in Resources */,
				E665738019D7F18200A27D30 /* Images.xcassets in Resources */,
				E64D239D1A19FD9700D6A876 /* QCAR+CALayer+UIWebView-Info.plist in Resources */,
				E66573B819D7F3D600A27D30 /* Shader.vsh in Resources */,
				E665737219D7F18200A27D30 /* InfoPlist.strings in Resources */,
				E66573DE19D7FC3100A27D30 /* StonesAndChips.dat in Resources */,
				E66573B719D7F3D600A27D30 /* Shader.fsh in Resources */,
				E66573DF19D7FC3100A27D30 /* StonesAndChips.xml in Resources */,
			);
			runOnlyForDeploymentPostprocessing = 0;
		};
		E665738319D7F18200A27D30 /* Resources */ = {
			isa = PBXResourcesBuildPhase;
			buildActionMask = 2147483647;
			files = (
				E665739119D7F18200A27D30 /* InfoPlist.strings in Resources */,
			);
			runOnlyForDeploymentPostprocessing = 0;
		};
/* End PBXResourcesBuildPhase section */

/* Begin PBXSourcesBuildPhase section */
		E665736019D7F18200A27D30 /* Sources */ = {
			isa = PBXSourcesBuildPhase;
			buildActionMask = 2147483647;
			files = (
				E66573E319D802BB00A27D30 /* QCARCALayerViewController.m in Sources */,
				E66573A919D7F1B400A27D30 /* AR_EAGLView.mm in Sources */,
				E66573D519D7F81700A27D30 /* EAGLView.mm in Sources */,
				E66573AB19D7F1B400A27D30 /* QCARutils.mm in Sources */,
				E64D239A1A19FD0A00D6A876 /* QCARWebViewController.mm in Sources */,
				E665737E19D7F18200A27D30 /* ViewController.mm in Sources */,
				E66573E619D802E700A27D30 /* CALayer+QCAR.m in Sources */,
				E66573BA19D7F3D600A27D30 /* Texture.mm in Sources */,
				E665737819D7F18200A27D30 /* AppDelegate.m in Sources */,
				E66573B919D7F3D600A27D30 /* ShaderUtils.cpp in Sources */,
				E64D23991A19FD0A00D6A876 /* QCARViewController.m in Sources */,
				E665737419D7F18200A27D30 /* main.m in Sources */,
			);
			runOnlyForDeploymentPostprocessing = 0;
		};
		E665738119D7F18200A27D30 /* Sources */ = {
			isa = PBXSourcesBuildPhase;
			buildActionMask = 2147483647;
			files = (
				E665739319D7F18200A27D30 /* QCAR_CALayerTests.m in Sources */,
			);
			runOnlyForDeploymentPostprocessing = 0;
		};
/* End PBXSourcesBuildPhase section */

/* Begin PBXTargetDependency section */
		E665738B19D7F18200A27D30 /* PBXTargetDependency */ = {
			isa = PBXTargetDependency;
			target = E665736319D7F18200A27D30 /* QCAR+CALayer */;
			targetProxy = E665738A19D7F18200A27D30 /* PBXContainerItemProxy */;
		};
/* End PBXTargetDependency section */

/* Begin PBXVariantGroup section */
		E665737019D7F18200A27D30 /* InfoPlist.strings */ = {
			isa = PBXVariantGroup;
			children = (
				E665737119D7F18200A27D30 /* en */,
			);
			name = InfoPlist.strings;
			sourceTree = "<group>";
		};
		E665737919D7F18200A27D30 /* Main.storyboard */ = {
			isa = PBXVariantGroup;
			children = (
				E665737A19D7F18200A27D30 /* Base */,
			);
			name = Main.storyboard;
			sourceTree = "<group>";
		};
		E665738F19D7F18200A27D30 /* InfoPlist.strings */ = {
			isa = PBXVariantGroup;
			children = (
				E665739019D7F18200A27D30 /* en */,
			);
			name = InfoPlist.strings;
			sourceTree = "<group>";
		};
/* End PBXVariantGroup section */

/* Begin XCBuildConfiguration section */
		E665739419D7F18200A27D30 /* Debug */ = {
			isa = XCBuildConfiguration;
			buildSettings = {
				ALWAYS_SEARCH_USER_PATHS = NO;
				CLANG_CXX_LANGUAGE_STANDARD = "gnu++0x";
				CLANG_CXX_LIBRARY = "libc++";
				CLANG_ENABLE_MODULES = YES;
				CLANG_ENABLE_OBJC_ARC = YES;
				CLANG_WARN_BOOL_CONVERSION = YES;
				CLANG_WARN_CONSTANT_CONVERSION = YES;
				CLANG_WARN_DIRECT_OBJC_ISA_USAGE = YES_ERROR;
				CLANG_WARN_EMPTY_BODY = YES;
				CLANG_WARN_ENUM_CONVERSION = YES;
				CLANG_WARN_INT_CONVERSION = YES;
				CLANG_WARN_OBJC_ROOT_CLASS = YES_ERROR;
				CLANG_WARN__DUPLICATE_METHOD_MATCH = YES;
				"CODE_SIGN_IDENTITY[sdk=iphoneos*]" = "iPhone Developer";
				COPY_PHASE_STRIP = NO;
				GCC_C_LANGUAGE_STANDARD = gnu99;
				GCC_DYNAMIC_NO_PIC = NO;
				GCC_OPTIMIZATION_LEVEL = 0;
				GCC_PREPROCESSOR_DEFINITIONS = (
					"DEBUG=1",
					"$(inherited)",
				);
				GCC_SYMBOLS_PRIVATE_EXTERN = NO;
				GCC_WARN_64_TO_32_BIT_CONVERSION = YES;
				GCC_WARN_ABOUT_RETURN_TYPE = YES_ERROR;
				GCC_WARN_UNDECLARED_SELECTOR = YES;
				GCC_WARN_UNINITIALIZED_AUTOS = YES_AGGRESSIVE;
				GCC_WARN_UNUSED_FUNCTION = YES;
				GCC_WARN_UNUSED_VARIABLE = YES;
				IPHONEOS_DEPLOYMENT_TARGET = 7.1;
				ONLY_ACTIVE_ARCH = YES;
				SDKROOT = iphoneos;
			};
			name = Debug;
		};
		E665739519D7F18200A27D30 /* Release */ = {
			isa = XCBuildConfiguration;
			buildSettings = {
				ALWAYS_SEARCH_USER_PATHS = NO;
				CLANG_CXX_LANGUAGE_STANDARD = "gnu++0x";
				CLANG_CXX_LIBRARY = "libc++";
				CLANG_ENABLE_MODULES = YES;
				CLANG_ENABLE_OBJC_ARC = YES;
				CLANG_WARN_BOOL_CONVERSION = YES;
				CLANG_WARN_CONSTANT_CONVERSION = YES;
				CLANG_WARN_DIRECT_OBJC_ISA_USAGE = YES_ERROR;
				CLANG_WARN_EMPTY_BODY = YES;
				CLANG_WARN_ENUM_CONVERSION = YES;
				CLANG_WARN_INT_CONVERSION = YES;
				CLANG_WARN_OBJC_ROOT_CLASS = YES_ERROR;
				CLANG_WARN__DUPLICATE_METHOD_MATCH = YES;
				"CODE_SIGN_IDENTITY[sdk=iphoneos*]" = "iPhone Developer";
				COPY_PHASE_STRIP = YES;
				ENABLE_NS_ASSERTIONS = NO;
				GCC_C_LANGUAGE_STANDARD = gnu99;
				GCC_WARN_64_TO_32_BIT_CONVERSION = YES;
				GCC_WARN_ABOUT_RETURN_TYPE = YES_ERROR;
				GCC_WARN_UNDECLARED_SELECTOR = YES;
				GCC_WARN_UNINITIALIZED_AUTOS = YES_AGGRESSIVE;
				GCC_WARN_UNUSED_FUNCTION = YES;
				GCC_WARN_UNUSED_VARIABLE = YES;
				IPHONEOS_DEPLOYMENT_TARGET = 7.1;
				SDKROOT = iphoneos;
				VALIDATE_PRODUCT = YES;
			};
			name = Release;
		};
		E665739719D7F18200A27D30 /* Debug */ = {
			isa = XCBuildConfiguration;
			buildSettings = {
				ASSETCATALOG_COMPILER_APPICON_NAME = AppIcon;
				ASSETCATALOG_COMPILER_LAUNCHIMAGE_NAME = LaunchImage;
				CLANG_ENABLE_OBJC_ARC = YES;
				CODE_SIGN_IDENTITY = "iPhone Developer";
				GCC_PRECOMPILE_PREFIX_HEADER = YES;
				GCC_PREFIX_HEADER = "QCAR+CALayer/QCAR+CALayer+UIWebView-Prefix.pch";
				HEADER_SEARCH_PATHS = (
					"$(inherited)",
					/Applications/Xcode.app/Contents/Developer/Toolchains/XcodeDefault.xctoolchain/usr/include,
					"$(PROJECT_DIR)/vuforia-sdk-ios-2-6-8/build/include",
				);
				INFOPLIST_FILE = "$(SRCROOT)/QCAR+CALayer/QCAR+CALayer+UIWebView-Info.plist";
				IPHONEOS_DEPLOYMENT_TARGET = 6.1;
				LIBRARY_SEARCH_PATHS = "$(PROJECT_DIR)/vuforia-sdk-ios-2-6-8/build/lib/arm";
				PRODUCT_NAME = "$(TARGET_NAME)";
				VALID_ARCHS = "armv7 armv7s";
				WRAPPER_EXTENSION = app;
			};
			name = Debug;
		};
		E665739819D7F18200A27D30 /* Release */ = {
			isa = XCBuildConfiguration;
			buildSettings = {
				ASSETCATALOG_COMPILER_APPICON_NAME = AppIcon;
				ASSETCATALOG_COMPILER_LAUNCHIMAGE_NAME = LaunchImage;
				CLANG_ENABLE_OBJC_ARC = YES;
				CODE_SIGN_IDENTITY = "iPhone Developer";
				GCC_PRECOMPILE_PREFIX_HEADER = YES;
				GCC_PREFIX_HEADER = "QCAR+CALayer/QCAR+CALayer+UIWebView-Prefix.pch";
				HEADER_SEARCH_PATHS = (
					"$(inherited)",
					/Applications/Xcode.app/Contents/Developer/Toolchains/XcodeDefault.xctoolchain/usr/include,
					"$(PROJECT_DIR)/vuforia-sdk-ios-2-6-8/build/include",
				);
				INFOPLIST_FILE = "$(SRCROOT)/QCAR+CALayer/QCAR+CALayer+UIWebView-Info.plist";
				IPHONEOS_DEPLOYMENT_TARGET = 6.1;
				LIBRARY_SEARCH_PATHS = "$(PROJECT_DIR)/vuforia-sdk-ios-2-6-8/build/lib/arm";
				PRODUCT_NAME = "$(TARGET_NAME)";
				VALID_ARCHS = "armv7 armv7s";
				WRAPPER_EXTENSION = app;
			};
			name = Release;
		};
		E665739A19D7F18200A27D30 /* Debug */ = {
			isa = XCBuildConfiguration;
			buildSettings = {
				BUNDLE_LOADER = "$(BUILT_PRODUCTS_DIR)/QCAR+CALayer.app/QCAR+CALayer";
				FRAMEWORK_SEARCH_PATHS = (
					"$(SDKROOT)/Developer/Library/Frameworks",
					"$(inherited)",
					"$(DEVELOPER_FRAMEWORKS_DIR)",
				);
				GCC_PRECOMPILE_PREFIX_HEADER = YES;
				GCC_PREFIX_HEADER = "QCAR+CALayer/QCAR+CALayer-Prefix.pch";
				GCC_PREPROCESSOR_DEFINITIONS = (
					"DEBUG=1",
					"$(inherited)",
				);
				INFOPLIST_FILE = "QCAR+CALayerTests/QCAR+CALayerTests-Info.plist";
				PRODUCT_NAME = "$(TARGET_NAME)";
				TEST_HOST = "$(BUNDLE_LOADER)";
				WRAPPER_EXTENSION = xctest;
			};
			name = Debug;
		};
		E665739B19D7F18200A27D30 /* Release */ = {
			isa = XCBuildConfiguration;
			buildSettings = {
				BUNDLE_LOADER = "$(BUILT_PRODUCTS_DIR)/QCAR+CALayer.app/QCAR+CALayer";
				FRAMEWORK_SEARCH_PATHS = (
					"$(SDKROOT)/Developer/Library/Frameworks",
					"$(inherited)",
					"$(DEVELOPER_FRAMEWORKS_DIR)",
				);
				GCC_PRECOMPILE_PREFIX_HEADER = YES;
				GCC_PREFIX_HEADER = "QCAR+CALayer/QCAR+CALayer-Prefix.pch";
				INFOPLIST_FILE = "QCAR+CALayerTests/QCAR+CALayerTests-Info.plist";
				PRODUCT_NAME = "$(TARGET_NAME)";
				TEST_HOST = "$(BUNDLE_LOADER)";
				WRAPPER_EXTENSION = xctest;
			};
			name = Release;
		};
/* End XCBuildConfiguration section */

/* Begin XCConfigurationList section */
		E665735F19D7F18200A27D30 /* Build configuration list for PBXProject "QCAR+CALayer" */ = {
			isa = XCConfigurationList;
			buildConfigurations = (
				E665739419D7F18200A27D30 /* Debug */,
				E665739519D7F18200A27D30 /* Release */,
			);
			defaultConfigurationIsVisible = 0;
			defaultConfigurationName = Release;
		};
		E665739619D7F18200A27D30 /* Build configuration list for PBXNativeTarget "QCAR+CALayer" */ = {
			isa = XCConfigurationList;
			buildConfigurations = (
				E665739719D7F18200A27D30 /* Debug */,
				E665739819D7F18200A27D30 /* Release */,
			);
			defaultConfigurationIsVisible = 0;
			defaultConfigurationName = Release;
		};
		E665739919D7F18200A27D30 /* Build configuration list for PBXNativeTarget "QCAR+CALayerTests" */ = {
			isa = XCConfigurationList;
			buildConfigurations = (
				E665739A19D7F18200A27D30 /* Debug */,
				E665739B19D7F18200A27D30 /* Release */,
			);
			defaultConfigurationIsVisible = 0;
			defaultConfigurationName = Release;
		};
/* End XCConfigurationList section */
	};
	rootObject = E665735C19D7F18200A27D30 /* Project object */;
}
